
Microsoft Visual Studio Solution File, Format Version 12.00
# Visual Studio 15
VisualStudioVersion = 15.0.27428.2037
MinimumVisualStudioVersion = 10.0.40219.1
Project("{FAE04EC0-301F-11D3-BF4B-00C04F79EFBC}") = "FireFly", "FireFly\FireFly.csproj", "{7AA6B2B5-E882-4DCB-AFFC-29AC165762CE}"
EndProject
Project("{2150E333-8FDC-42A3-9474-1A3956D46DE8}") = "Libraries", "Libraries", "{9AA6A212-B8A2-4C3C-906A-8BE1EA1803AE}"
EndProject
Project("{FAE04EC0-301F-11D3-BF4B-00C04F79EFBC}") = "VisualIntertialCalibration", "Libraries\VisualIntertialCalibration\VisualIntertialCalibration.csproj", "{C8E87F3D-C3A4-4871-8416-2F0F737A7405}"
EndProject
Project("{2150E333-8FDC-42A3-9474-1A3956D46DE8}") = "UI", "UI", "{4E0AEC5B-519D-4657-A4E1-8ABA1B8C9B7F}"
EndProject
Project("{FAE04EC0-301F-11D3-BF4B-00C04F79EFBC}") = "Utilities", "Libraries\Utilities\Utilities.csproj", "{DD9822C1-00BA-46AF-85E0-2889EF295918}"
EndProject
Project("{FAE04EC0-301F-11D3-BF4B-00C04F79EFBC}") = "DataStorage", "Libraries\DataStorage\DataStorage.csproj", "{9D48F561-0DC5-4981-8747-6C41402689F1}"
EndProject
Project("{FAE04EC0-301F-11D3-BF4B-00C04F79EFBC}") = "SLAM", "Libraries\SLAM\SLAM.csproj", "{C764D48E-A422-48B6-BB15-6A4AE26214DA}"
EndProject
Global
	GlobalSection(Performance) = preSolution
		HasPerformanceSessions = true
	EndGlobalSection
	GlobalSection(SolutionConfigurationPlatforms) = preSolution
		Debug|Any CPU = Debug|Any CPU
		Debug|x64 = Debug|x64
		Release|Any CPU = Release|Any CPU
		Release|x64 = Release|x64
	EndGlobalSection
	GlobalSection(ProjectConfigurationPlatforms) = postSolution
		{7AA6B2B5-E882-4DCB-AFFC-29AC165762CE}.Debug|Any CPU.ActiveCfg = Debug|x64
		{7AA6B2B5-E882-4DCB-AFFC-29AC165762CE}.Debug|x64.ActiveCfg = Debug|x64
		{7AA6B2B5-E882-4DCB-AFFC-29AC165762CE}.Debug|x64.Build.0 = Debug|x64
		{7AA6B2B5-E882-4DCB-AFFC-29AC165762CE}.Release|Any CPU.ActiveCfg = Release|x64
		{7AA6B2B5-E882-4DCB-AFFC-29AC165762CE}.Release|x64.ActiveCfg = Release|x64
		{7AA6B2B5-E882-4DCB-AFFC-29AC165762CE}.Release|x64.Build.0 = Release|x64
		{C8E87F3D-C3A4-4871-8416-2F0F737A7405}.Debug|Any CPU.ActiveCfg = Debug|Any CPU
		{C8E87F3D-C3A4-4871-8416-2F0F737A7405}.Debug|Any CPU.Build.0 = Debug|Any CPU
		{C8E87F3D-C3A4-4871-8416-2F0F737A7405}.Debug|x64.ActiveCfg = Debug|Any CPU
		{C8E87F3D-C3A4-4871-8416-2F0F737A7405}.Debug|x64.Build.0 = Debug|Any CPU
		{C8E87F3D-C3A4-4871-8416-2F0F737A7405}.Release|Any CPU.ActiveCfg = Release|Any CPU
		{C8E87F3D-C3A4-4871-8416-2F0F737A7405}.Release|Any CPU.Build.0 = Release|Any CPU
		{C8E87F3D-C3A4-4871-8416-2F0F737A7405}.Release|x64.ActiveCfg = Release|Any CPU
		{C8E87F3D-C3A4-4871-8416-2F0F737A7405}.Release|x64.Build.0 = Release|Any CPU
		{DD9822C1-00BA-46AF-85E0-2889EF295918}.Debug|Any CPU.ActiveCfg = Debug|Any CPU
		{DD9822C1-00BA-46AF-85E0-2889EF295918}.Debug|Any CPU.Build.0 = Debug|Any CPU
		{DD9822C1-00BA-46AF-85E0-2889EF295918}.Debug|x64.ActiveCfg = Debug|Any CPU
		{DD9822C1-00BA-46AF-85E0-2889EF295918}.Debug|x64.Build.0 = Debug|Any CPU
		{DD9822C1-00BA-46AF-85E0-2889EF295918}.Release|Any CPU.ActiveCfg = Release|Any CPU
		{DD9822C1-00BA-46AF-85E0-2889EF295918}.Release|Any CPU.Build.0 = Release|Any CPU
		{DD9822C1-00BA-46AF-85E0-2889EF295918}.Release|x64.ActiveCfg = Release|Any CPU
		{DD9822C1-00BA-46AF-85E0-2889EF295918}.Release|x64.Build.0 = Release|Any CPU
		{9D48F561-0DC5-4981-8747-6C41402689F1}.Debug|Any CPU.ActiveCfg = Debug|Any CPU
		{9D48F561-0DC5-4981-8747-6C41402689F1}.Debug|Any CPU.Build.0 = Debug|Any CPU
		{9D48F561-0DC5-4981-8747-6C41402689F1}.Debug|x64.ActiveCfg = Debug|Any CPU
		{9D48F561-0DC5-4981-8747-6C41402689F1}.Debug|x64.Build.0 = Debug|Any CPU
		{9D48F561-0DC5-4981-8747-6C41402689F1}.Release|Any CPU.ActiveCfg = Release|Any CPU
		{9D48F561-0DC5-4981-8747-6C41402689F1}.Release|Any CPU.Build.0 = Release|Any CPU
		{9D48F561-0DC5-4981-8747-6C41402689F1}.Release|x64.ActiveCfg = Release|Any CPU
		{9D48F561-0DC5-4981-8747-6C41402689F1}.Release|x64.Build.0 = Release|Any CPU
		{C764D48E-A422-48B6-BB15-6A4AE26214DA}.Debug|Any CPU.ActiveCfg = Debug|Any CPU
		{C764D48E-A422-48B6-BB15-6A4AE26214DA}.Debug|Any CPU.Build.0 = Debug|Any CPU
		{C764D48E-A422-48B6-BB15-6A4AE26214DA}.Debug|x64.ActiveCfg = Debug|Any CPU
		{C764D48E-A422-48B6-BB15-6A4AE26214DA}.Debug|x64.Build.0 = Debug|Any CPU
		{C764D48E-A422-48B6-BB15-6A4AE26214DA}.Release|Any CPU.ActiveCfg = Release|Any CPU
		{C764D48E-A422-48B6-BB15-6A4AE26214DA}.Release|Any CPU.Build.0 = Release|Any CPU
		{C764D48E-A422-48B6-BB15-6A4AE26214DA}.Release|x64.ActiveCfg = Release|Any CPU
		{C764D48E-A422-48B6-BB15-6A4AE26214DA}.Release|x64.Build.0 = Release|Any CPU
	EndGlobalSection
	GlobalSection(SolutionProperties) = preSolution
		HideSolutionNode = FALSE
	EndGlobalSection
	GlobalSection(NestedProjects) = preSolution
		{7AA6B2B5-E882-4DCB-AFFC-29AC165762CE} = {4E0AEC5B-519D-4657-A4E1-8ABA1B8C9B7F}
		{C8E87F3D-C3A4-4871-8416-2F0F737A7405} = {9AA6A212-B8A2-4C3C-906A-8BE1EA1803AE}
		{DD9822C1-00BA-46AF-85E0-2889EF295918} = {9AA6A212-B8A2-4C3C-906A-8BE1EA1803AE}
		{9D48F561-0DC5-4981-8747-6C41402689F1} = {9AA6A212-B8A2-4C3C-906A-8BE1EA1803AE}
		{C764D48E-A422-48B6-BB15-6A4AE26214DA} = {9AA6A212-B8A2-4C3C-906A-8BE1EA1803AE}
	EndGlobalSection
	GlobalSection(ExtensibilityGlobals) = postSolution
		SolutionGuid = {339C833C-A5F1-4DE7-BF6C-8F22437C3EBD}
	EndGlobalSection
	GlobalSection(Performance) = preSolution
		HasPerformanceSessions = true
	EndGlobalSection
EndGlobal
